# This file is automatically @generated by Cargo.
# It is not intended for manual editing.
version = 3

[[package]]
name = "executor"
version = "0.1.0"
dependencies = [
 "executor-common",
 "executor-linux",
]

[[package]]
name = "executor-common"
version = "0.1.0"

[[package]]
name = "executor-linux"
version = "0.1.0"
dependencies = [
 "executor-common",
 "uring",
]

[[package]]
name = "futures"
version = "0.1.0"
dependencies = [
 "futures-common",
 "futures-linux",
]

[[package]]
name = "futures-common"
version = "0.1.0"

[[package]]
name = "futures-linux"
version = "0.1.0"
dependencies = [
 "executor",
 "futures-common",
]

[[package]]
name = "lasync"
version = "0.1.0"
dependencies = [
 "executor",
 "futures",
]

[[package]]
name = "linux"
version = "0.1.0"
source = "git+https://github.com/shipsimfan/lib-linux#3a9b68420d88637b7186a8b7352df50b4185f609"

[[package]]
name = "uring"
version = "0.1.0"
source = "git+https://github.com/shipsimfan/lib-uring#6d403043b4205935db403bb946d4ed9a56f1b46f"
dependencies = [
 "linux",
]
