# This file is automatically @generated by Cargo.
# It is not intended for manual editing.
version = 3

[[package]]
name = "executor"
version = "0.1.0"
dependencies = [
 "executor-linux",
 "executor-windows",
]

[[package]]
name = "executor-common"
version = "0.1.0"

[[package]]
name = "executor-linux"
version = "0.1.0"
dependencies = [
 "executor-common",
 "linux",
]

[[package]]
name = "executor-windows"
version = "0.1.0"
dependencies = [
 "executor-common",
 "win32",
]

[[package]]
name = "futures"
version = "0.1.0"
dependencies = [
 "futures-linux",
 "futures-windows",
]

[[package]]
name = "futures-linux"
version = "0.1.0"
dependencies = [
 "executor",
]

[[package]]
name = "futures-windows"
version = "0.1.0"
dependencies = [
 "executor",
]

[[package]]
name = "lasync"
version = "0.1.0"
dependencies = [
 "executor",
 "futures",
]

[[package]]
name = "linux"
version = "0.1.0"
source = "git+https://github.com/shipsimfan/lib-linux#4f6faf903092c73d0764acde299978579ed947b8"

[[package]]
name = "win32"
version = "0.1.0"
source = "git+https://github.com/shipsimfan/lib-win32#6f20387240c5ea019a015bd10e92f6e9a22c96f0"
