# This file is automatically @generated by Cargo.
# It is not intended for manual editing.
version = 3

[[package]]
name = "lasync"
version = "0.1.0"
dependencies = [
 "linux",
]

[[package]]
name = "linux"
version = "0.1.0"
source = "git+https://github.com/shipsimfan/lib-linux#f0124e2d3ba8cb06b1c099d40f635f11a3aa20ad"
